// !$*UTF8*$!
{
	archiveVersion = 1;
	classes = {
	};
	objectVersion = 46;
	objects = {

/* Begin PBXBuildFile section */
		9A5A185419F75AE30092E140 /* RecipientsTableViewController.swift in Sources */ = {isa = PBXBuildFile; fileRef = 9A5A185319F75AE30092E140 /* RecipientsTableViewController.swift */; };
		9A5A185619F75B3E0092E140 /* Recipient.swift in Sources */ = {isa = PBXBuildFile; fileRef = 9A5A185519F75B3E0092E140 /* Recipient.swift */; };
		9AC4E95419F9FEA4008CA82E /* RecipientDetailViewController.swift in Sources */ = {isa = PBXBuildFile; fileRef = 9AC4E95319F9FEA4008CA82E /* RecipientDetailViewController.swift */; };
		9AD350EA19F737120072C68B /* AppDelegate.swift in Sources */ = {isa = PBXBuildFile; fileRef = 9AD350E919F737120072C68B /* AppDelegate.swift */; };
		9AD350EC19F737120072C68B /* GroupMasterViewController.swift in Sources */ = {isa = PBXBuildFile; fileRef = 9AD350EB19F737120072C68B /* GroupMasterViewController.swift */; };
		9AD350EE19F737120072C68B /* GroupDetailViewController.swift in Sources */ = {isa = PBXBuildFile; fileRef = 9AD350ED19F737120072C68B /* GroupDetailViewController.swift */; };
		9AD350F119F737120072C68B /* Main.storyboard in Resources */ = {isa = PBXBuildFile; fileRef = 9AD350EF19F737120072C68B /* Main.storyboard */; };
		9AD350F319F737120072C68B /* Images.xcassets in Resources */ = {isa = PBXBuildFile; fileRef = 9AD350F219F737120072C68B /* Images.xcassets */; };
		9AD350F619F737120072C68B /* LaunchScreen.xib in Resources */ = {isa = PBXBuildFile; fileRef = 9AD350F419F737120072C68B /* LaunchScreen.xib */; };
		9AD3510219F737120072C68B /* MailCampaignTrackerTests.swift in Sources */ = {isa = PBXBuildFile; fileRef = 9AD3510119F737120072C68B /* MailCampaignTrackerTests.swift */; };
		9AD3511019F737280072C68B /* Date.swift in Sources */ = {isa = PBXBuildFile; fileRef = 9AD3510B19F737280072C68B /* Date.swift */; };
		9AD3511119F737280072C68B /* Groups.swift in Sources */ = {isa = PBXBuildFile; fileRef = 9AD3510C19F737280072C68B /* Groups.swift */; };
		9AD3511219F737280072C68B /* Campaign.swift in Sources */ = {isa = PBXBuildFile; fileRef = 9AD3510D19F737280072C68B /* Campaign.swift */; };
		9AD3511419F737280072C68B /* Materials.swift in Sources */ = {isa = PBXBuildFile; fileRef = 9AD3510F19F737280072C68B /* Materials.swift */; };
		9AD3511819F73A200072C68B /* GroupTableViewCell.swift in Sources */ = {isa = PBXBuildFile; fileRef = 9AD3511719F73A200072C68B /* GroupTableViewCell.swift */; };
		C188F46519FC70BC006AA89A /* CampaignsTableViewController.swift in Sources */ = {isa = PBXBuildFile; fileRef = C188F46419FC70BC006AA89A /* CampaignsTableViewController.swift */; };
		C1ACB62F19F82D150022B962 /* Group.swift in Sources */ = {isa = PBXBuildFile; fileRef = C1ACB62E19F82D150022B962 /* Group.swift */; };
		C1ACB63119F832770022B962 /* Campaigns.swift in Sources */ = {isa = PBXBuildFile; fileRef = C1ACB63019F832770022B962 /* Campaigns.swift */; };
		C1ACB63319F835BF0022B962 /* Material.swift in Sources */ = {isa = PBXBuildFile; fileRef = C1ACB63219F835BF0022B962 /* Material.swift */; };
		C1ACB63519F83E0B0022B962 /* Recipients.swift in Sources */ = {isa = PBXBuildFile; fileRef = C1ACB63419F83E0B0022B962 /* Recipients.swift */; };
/* End PBXBuildFile section */

/* Begin PBXContainerItemProxy section */
		9AD350FC19F737120072C68B /* PBXContainerItemProxy */ = {
			isa = PBXContainerItemProxy;
			containerPortal = 9AD350DC19F737120072C68B /* Project object */;
			proxyType = 1;
			remoteGlobalIDString = 9AD350E319F737120072C68B;
			remoteInfo = MailCampaignTracker;
		};
/* End PBXContainerItemProxy section */

/* Begin PBXFileReference section */
		9A5A185319F75AE30092E140 /* RecipientsTableViewController.swift */ = {isa = PBXFileReference; fileEncoding = 4; lastKnownFileType = sourcecode.swift; path = RecipientsTableViewController.swift; sourceTree = "<group>"; };
		9A5A185519F75B3E0092E140 /* Recipient.swift */ = {isa = PBXFileReference; fileEncoding = 4; lastKnownFileType = sourcecode.swift; path = Recipient.swift; sourceTree = "<group>"; };
		9AC4E95319F9FEA4008CA82E /* RecipientDetailViewController.swift */ = {isa = PBXFileReference; fileEncoding = 4; lastKnownFileType = sourcecode.swift; path = RecipientDetailViewController.swift; sourceTree = "<group>"; };
		9AD350E419F737120072C68B /* MailCampaignTracker.app */ = {isa = PBXFileReference; explicitFileType = wrapper.application; includeInIndex = 0; path = MailCampaignTracker.app; sourceTree = BUILT_PRODUCTS_DIR; };
		9AD350E819F737120072C68B /* Info.plist */ = {isa = PBXFileReference; lastKnownFileType = text.plist.xml; path = Info.plist; sourceTree = "<group>"; };
		9AD350E919F737120072C68B /* AppDelegate.swift */ = {isa = PBXFileReference; lastKnownFileType = sourcecode.swift; path = AppDelegate.swift; sourceTree = "<group>"; };
		9AD350EB19F737120072C68B /* GroupMasterViewController.swift */ = {isa = PBXFileReference; lastKnownFileType = sourcecode.swift; path = GroupMasterViewController.swift; sourceTree = "<group>"; };
		9AD350ED19F737120072C68B /* GroupDetailViewController.swift */ = {isa = PBXFileReference; lastKnownFileType = sourcecode.swift; path = GroupDetailViewController.swift; sourceTree = "<group>"; };
		9AD350F019F737120072C68B /* Base */ = {isa = PBXFileReference; lastKnownFileType = file.storyboard; name = Base; path = Base.lproj/Main.storyboard; sourceTree = "<group>"; };
		9AD350F219F737120072C68B /* Images.xcassets */ = {isa = PBXFileReference; lastKnownFileType = folder.assetcatalog; path = Images.xcassets; sourceTree = "<group>"; };
		9AD350F519F737120072C68B /* Base */ = {isa = PBXFileReference; lastKnownFileType = file.xib; name = Base; path = Base.lproj/LaunchScreen.xib; sourceTree = "<group>"; };
		9AD350FB19F737120072C68B /* MailCampaignTrackerTests.xctest */ = {isa = PBXFileReference; explicitFileType = wrapper.cfbundle; includeInIndex = 0; path = MailCampaignTrackerTests.xctest; sourceTree = BUILT_PRODUCTS_DIR; };
		9AD3510019F737120072C68B /* Info.plist */ = {isa = PBXFileReference; lastKnownFileType = text.plist.xml; path = Info.plist; sourceTree = "<group>"; };
		9AD3510119F737120072C68B /* MailCampaignTrackerTests.swift */ = {isa = PBXFileReference; lastKnownFileType = sourcecode.swift; path = MailCampaignTrackerTests.swift; sourceTree = "<group>"; };
		9AD3510B19F737280072C68B /* Date.swift */ = {isa = PBXFileReference; fileEncoding = 4; lastKnownFileType = sourcecode.swift; path = Date.swift; sourceTree = "<group>"; };
		9AD3510C19F737280072C68B /* Groups.swift */ = {isa = PBXFileReference; fileEncoding = 4; lastKnownFileType = sourcecode.swift; path = Groups.swift; sourceTree = "<group>"; };
		9AD3510D19F737280072C68B /* Campaign.swift */ = {isa = PBXFileReference; fileEncoding = 4; lastKnownFileType = sourcecode.swift; path = Campaign.swift; sourceTree = "<group>"; };
		9AD3510F19F737280072C68B /* Materials.swift */ = {isa = PBXFileReference; fileEncoding = 4; lastKnownFileType = sourcecode.swift; path = Materials.swift; sourceTree = "<group>"; };
		9AD3511719F73A200072C68B /* GroupTableViewCell.swift */ = {isa = PBXFileReference; fileEncoding = 4; lastKnownFileType = sourcecode.swift; path = GroupTableViewCell.swift; sourceTree = "<group>"; };
		C188F46419FC70BC006AA89A /* CampaignsTableViewController.swift */ = {isa = PBXFileReference; fileEncoding = 4; lastKnownFileType = sourcecode.swift; path = CampaignsTableViewController.swift; sourceTree = "<group>"; };
		C1ACB62E19F82D150022B962 /* Group.swift */ = {isa = PBXFileReference; fileEncoding = 4; lastKnownFileType = sourcecode.swift; path = Group.swift; sourceTree = "<group>"; };
		C1ACB63019F832770022B962 /* Campaigns.swift */ = {isa = PBXFileReference; fileEncoding = 4; lastKnownFileType = sourcecode.swift; path = Campaigns.swift; sourceTree = "<group>"; };
		C1ACB63219F835BF0022B962 /* Material.swift */ = {isa = PBXFileReference; fileEncoding = 4; lastKnownFileType = sourcecode.swift; path = Material.swift; sourceTree = "<group>"; };
		C1ACB63419F83E0B0022B962 /* Recipients.swift */ = {isa = PBXFileReference; fileEncoding = 4; lastKnownFileType = sourcecode.swift; path = Recipients.swift; sourceTree = "<group>"; };
/* End PBXFileReference section */

/* Begin PBXFrameworksBuildPhase section */
		9AD350E119F737120072C68B /* Frameworks */ = {
			isa = PBXFrameworksBuildPhase;
			buildActionMask = 2147483647;
			files = (
			);
			runOnlyForDeploymentPostprocessing = 0;
		};
		9AD350F819F737120072C68B /* Frameworks */ = {
			isa = PBXFrameworksBuildPhase;
			buildActionMask = 2147483647;
			files = (
			);
			runOnlyForDeploymentPostprocessing = 0;
		};
/* End PBXFrameworksBuildPhase section */

/* Begin PBXGroup section */
		9AD350DB19F737120072C68B = {
			isa = PBXGroup;
			children = (
				9AD350E619F737120072C68B /* MailCampaignTracker */,
				9AD350FE19F737120072C68B /* MailCampaignTrackerTests */,
				9AD350E519F737120072C68B /* Products */,
			);
			sourceTree = "<group>";
		};
		9AD350E519F737120072C68B /* Products */ = {
			isa = PBXGroup;
			children = (
				9AD350E419F737120072C68B /* MailCampaignTracker.app */,
				9AD350FB19F737120072C68B /* MailCampaignTrackerTests.xctest */,
			);
			name = Products;
			sourceTree = "<group>";
		};
		9AD350E619F737120072C68B /* MailCampaignTracker */ = {
			isa = PBXGroup;
			children = (
				9AD3511519F739D40072C68B /* Model */,
				9AD3511619F739E10072C68B /* ViewController */,
				9AD350EF19F737120072C68B /* Main.storyboard */,
				9AD350F219F737120072C68B /* Images.xcassets */,
				9AD350F419F737120072C68B /* LaunchScreen.xib */,
				9AD350E919F737120072C68B /* AppDelegate.swift */,
				9AD350E719F737120072C68B /* Supporting Files */,
			);
			path = MailCampaignTracker;
			sourceTree = "<group>";
		};
		9AD350E719F737120072C68B /* Supporting Files */ = {
			isa = PBXGroup;
			children = (
				9AD350E819F737120072C68B /* Info.plist */,
			);
			name = "Supporting Files";
			sourceTree = "<group>";
		};
		9AD350FE19F737120072C68B /* MailCampaignTrackerTests */ = {
			isa = PBXGroup;
			children = (
				9AD3510119F737120072C68B /* MailCampaignTrackerTests.swift */,
				9AD350FF19F737120072C68B /* Supporting Files */,
			);
			path = MailCampaignTrackerTests;
			sourceTree = "<group>";
		};
		9AD350FF19F737120072C68B /* Supporting Files */ = {
			isa = PBXGroup;
			children = (
				9AD3510019F737120072C68B /* Info.plist */,
			);
			name = "Supporting Files";
			sourceTree = "<group>";
		};
		9AD3511519F739D40072C68B /* Model */ = {
			isa = PBXGroup;
			children = (
				9AD3510B19F737280072C68B /* Date.swift */,
				9AD3510C19F737280072C68B /* Groups.swift */,
				C1ACB62E19F82D150022B962 /* Group.swift */,
				9AD3510D19F737280072C68B /* Campaign.swift */,
				C1ACB63019F832770022B962 /* Campaigns.swift */,
				C1ACB63219F835BF0022B962 /* Material.swift */,
				9AD3510F19F737280072C68B /* Materials.swift */,
				9A5A185519F75B3E0092E140 /* Recipient.swift */,
				C1ACB63419F83E0B0022B962 /* Recipients.swift */,
			);
			name = Model;
			sourceTree = "<group>";
		};
		9AD3511619F739E10072C68B /* ViewController */ = {
			isa = PBXGroup;
			children = (
				9AD350EB19F737120072C68B /* GroupMasterViewController.swift */,
				9AD350ED19F737120072C68B /* GroupDetailViewController.swift */,
				9AD3511719F73A200072C68B /* GroupTableViewCell.swift */,
				9A5A185319F75AE30092E140 /* RecipientsTableViewController.swift */,
				9AC4E95319F9FEA4008CA82E /* RecipientDetailViewController.swift */,
				C188F46419FC70BC006AA89A /* CampaignsTableViewController.swift */,
			);
			name = ViewController;
			sourceTree = "<group>";
		};
/* End PBXGroup section */

/* Begin PBXNativeTarget section */
		9AD350E319F737120072C68B /* MailCampaignTracker */ = {
			isa = PBXNativeTarget;
			buildConfigurationList = 9AD3510519F737120072C68B /* Build configuration list for PBXNativeTarget "MailCampaignTracker" */;
			buildPhases = (
				9AD350E019F737120072C68B /* Sources */,
				9AD350E119F737120072C68B /* Frameworks */,
				9AD350E219F737120072C68B /* Resources */,
			);
			buildRules = (
			);
			dependencies = (
			);
			name = MailCampaignTracker;
			productName = MailCampaignTracker;
			productReference = 9AD350E419F737120072C68B /* MailCampaignTracker.app */;
			productType = "com.apple.product-type.application";
		};
		9AD350FA19F737120072C68B /* MailCampaignTrackerTests */ = {
			isa = PBXNativeTarget;
			buildConfigurationList = 9AD3510819F737120072C68B /* Build configuration list for PBXNativeTarget "MailCampaignTrackerTests" */;
			buildPhases = (
				9AD350F719F737120072C68B /* Sources */,
				9AD350F819F737120072C68B /* Frameworks */,
				9AD350F919F737120072C68B /* Resources */,
			);
			buildRules = (
			);
			dependencies = (
				9AD350FD19F737120072C68B /* PBXTargetDependency */,
			);
			name = MailCampaignTrackerTests;
			productName = MailCampaignTrackerTests;
			productReference = 9AD350FB19F737120072C68B /* MailCampaignTrackerTests.xctest */;
			productType = "com.apple.product-type.bundle.unit-test";
		};
/* End PBXNativeTarget section */

/* Begin PBXProject section */
		9AD350DC19F737120072C68B /* Project object */ = {
			isa = PBXProject;
			attributes = {
				LastUpgradeCheck = 0610;
				ORGANIZATIONNAME = "Mark Stuver";
				TargetAttributes = {
					9AD350E319F737120072C68B = {
						CreatedOnToolsVersion = 6.1;
					};
					9AD350FA19F737120072C68B = {
						CreatedOnToolsVersion = 6.1;
						TestTargetID = 9AD350E319F737120072C68B;
					};
				};
			};
			buildConfigurationList = 9AD350DF19F737120072C68B /* Build configuration list for PBXProject "MailCampaignTracker" */;
			compatibilityVersion = "Xcode 3.2";
			developmentRegion = English;
			hasScannedForEncodings = 0;
			knownRegions = (
				en,
				Base,
			);
			mainGroup = 9AD350DB19F737120072C68B;
			productRefGroup = 9AD350E519F737120072C68B /* Products */;
			projectDirPath = "";
			projectRoot = "";
			targets = (
				9AD350E319F737120072C68B /* MailCampaignTracker */,
				9AD350FA19F737120072C68B /* MailCampaignTrackerTests */,
			);
		};
/* End PBXProject section */

/* Begin PBXResourcesBuildPhase section */
		9AD350E219F737120072C68B /* Resources */ = {
			isa = PBXResourcesBuildPhase;
			buildActionMask = 2147483647;
			files = (
				9AD350F119F737120072C68B /* Main.storyboard in Resources */,
				9AD350F619F737120072C68B /* LaunchScreen.xib in Resources */,
				9AD350F319F737120072C68B /* Images.xcassets in Resources */,
			);
			runOnlyForDeploymentPostprocessing = 0;
		};
		9AD350F919F737120072C68B /* Resources */ = {
			isa = PBXResourcesBuildPhase;
			buildActionMask = 2147483647;
			files = (
			);
			runOnlyForDeploymentPostprocessing = 0;
		};
/* End PBXResourcesBuildPhase section */

/* Begin PBXSourcesBuildPhase section */
		9AD350E019F737120072C68B /* Sources */ = {
			isa = PBXSourcesBuildPhase;
			buildActionMask = 2147483647;
			files = (
				9AD3511819F73A200072C68B /* GroupTableViewCell.swift in Sources */,
				C1ACB63119F832770022B962 /* Campaigns.swift in Sources */,
				9AC4E95419F9FEA4008CA82E /* RecipientDetailViewController.swift in Sources */,
				C188F46519FC70BC006AA89A /* CampaignsTableViewController.swift in Sources */,
				9AD350EE19F737120072C68B /* GroupDetailViewController.swift in Sources */,
				9AD350EC19F737120072C68B /* GroupMasterViewController.swift in Sources */,
				9A5A185619F75B3E0092E140 /* Recipient.swift in Sources */,
				C1ACB63519F83E0B0022B962 /* Recipients.swift in Sources */,
				9A5A185419F75AE30092E140 /* RecipientsTableViewController.swift in Sources */,
				C1ACB62F19F82D150022B962 /* Group.swift in Sources */,
				9AD350EA19F737120072C68B /* AppDelegate.swift in Sources */,
				9AD3511119F737280072C68B /* Groups.swift in Sources */,
				C1ACB63319F835BF0022B962 /* Material.swift in Sources */,
				9AD3511419F737280072C68B /* Materials.swift in Sources */,
				9AD3511019F737280072C68B /* Date.swift in Sources */,
				9AD3511219F737280072C68B /* Campaign.swift in Sources */,
			);
			runOnlyForDeploymentPostprocessing = 0;
		};
		9AD350F719F737120072C68B /* Sources */ = {
			isa = PBXSourcesBuildPhase;
			buildActionMask = 2147483647;
			files = (
				9AD3510219F737120072C68B /* MailCampaignTrackerTests.swift in Sources */,
			);
			runOnlyForDeploymentPostprocessing = 0;
		};
/* End PBXSourcesBuildPhase section */

/* Begin PBXTargetDependency section */
		9AD350FD19F737120072C68B /* PBXTargetDependency */ = {
			isa = PBXTargetDependency;
			target = 9AD350E319F737120072C68B /* MailCampaignTracker */;
			targetProxy = 9AD350FC19F737120072C68B /* PBXContainerItemProxy */;
		};
/* End PBXTargetDependency section */

/* Begin PBXVariantGroup section */
		9AD350EF19F737120072C68B /* Main.storyboard */ = {
			isa = PBXVariantGroup;
			children = (
				9AD350F019F737120072C68B /* Base */,
			);
			name = Main.storyboard;
			sourceTree = "<group>";
		};
		9AD350F419F737120072C68B /* LaunchScreen.xib */ = {
			isa = PBXVariantGroup;
			children = (
				9AD350F519F737120072C68B /* Base */,
			);
			name = LaunchScreen.xib;
			sourceTree = "<group>";
		};
/* End PBXVariantGroup section */

/* Begin XCBuildConfiguration section */
		9AD3510319F737120072C68B /* Debug */ = {
			isa = XCBuildConfiguration;
			buildSettings = {
				ALWAYS_SEARCH_USER_PATHS = NO;
				CLANG_CXX_LANGUAGE_STANDARD = "gnu++0x";
				CLANG_CXX_LIBRARY = "libc++";
				CLANG_ENABLE_MODULES = YES;
				CLANG_ENABLE_OBJC_ARC = YES;
				CLANG_WARN_BOOL_CONVERSION = YES;
				CLANG_WARN_CONSTANT_CONVERSION = YES;
				CLANG_WARN_DIRECT_OBJC_ISA_USAGE = YES_ERROR;
				CLANG_WARN_EMPTY_BODY = YES;
				CLANG_WARN_ENUM_CONVERSION = YES;
				CLANG_WARN_INT_CONVERSION = YES;
				CLANG_WARN_OBJC_ROOT_CLASS = YES_ERROR;
				CLANG_WARN_UNREACHABLE_CODE = YES;
				CLANG_WARN__DUPLICATE_METHOD_MATCH = YES;
				"CODE_SIGN_IDENTITY[sdk=iphoneos*]" = "iPhone Developer";
				COPY_PHASE_STRIP = NO;
				ENABLE_STRICT_OBJC_MSGSEND = YES;
				GCC_C_LANGUAGE_STANDARD = gnu99;
				GCC_DYNAMIC_NO_PIC = NO;
				GCC_OPTIMIZATION_LEVEL = 0;
				GCC_PREPROCESSOR_DEFINITIONS = (
					"DEBUG=1",
					"$(inherited)",
				);
				GCC_SYMBOLS_PRIVATE_EXTERN = NO;
				GCC_WARN_64_TO_32_BIT_CONVERSION = YES;
				GCC_WARN_ABOUT_RETURN_TYPE = YES_ERROR;
				GCC_WARN_UNDECLARED_SELECTOR = YES;
				GCC_WARN_UNINITIALIZED_AUTOS = YES_AGGRESSIVE;
				GCC_WARN_UNUSED_FUNCTION = YES;
				GCC_WARN_UNUSED_VARIABLE = YES;
				IPHONEOS_DEPLOYMENT_TARGET = 8.1;
				MTL_ENABLE_DEBUG_INFO = YES;
				ONLY_ACTIVE_ARCH = YES;
				SDKROOT = iphoneos;
				SWIFT_OPTIMIZATION_LEVEL = "-Onone";
				TARGETED_DEVICE_FAMILY = 2;
			};
			name = Debug;
		};
		9AD3510419F737120072C68B /* Release */ = {
			isa = XCBuildConfiguration;
			buildSettings = {
				ALWAYS_SEARCH_USER_PATHS = NO;
				CLANG_CXX_LANGUAGE_STANDARD = "gnu++0x";
				CLANG_CXX_LIBRARY = "libc++";
				CLANG_ENABLE_MODULES = YES;
				CLANG_ENABLE_OBJC_ARC = YES;
				CLANG_WARN_BOOL_CONVERSION = YES;
				CLANG_WARN_CONSTANT_CONVERSION = YES;
				CLANG_WARN_DIRECT_OBJC_ISA_USAGE = YES_ERROR;
				CLANG_WARN_EMPTY_BODY = YES;
				CLANG_WARN_ENUM_CONVERSION = YES;
				CLANG_WARN_INT_CONVERSION = YES;
				CLANG_WARN_OBJC_ROOT_CLASS = YES_ERROR;
				CLANG_WARN_UNREACHABLE_CODE = YES;
				CLANG_WARN__DUPLICATE_METHOD_MATCH = YES;
				"CODE_SIGN_IDENTITY[sdk=iphoneos*]" = "iPhone Developer";
				COPY_PHASE_STRIP = YES;
				ENABLE_NS_ASSERTIONS = NO;
				ENABLE_STRICT_OBJC_MSGSEND = YES;
				GCC_C_LANGUAGE_STANDARD = gnu99;
				GCC_WARN_64_TO_32_BIT_CONVERSION = YES;
				GCC_WARN_ABOUT_RETURN_TYPE = YES_ERROR;
				GCC_WARN_UNDECLARED_SELECTOR = YES;
				GCC_WARN_UNINITIALIZED_AUTOS = YES_AGGRESSIVE;
				GCC_WARN_UNUSED_FUNCTION = YES;
				GCC_WARN_UNUSED_VARIABLE = YES;
				IPHONEOS_DEPLOYMENT_TARGET = 8.1;
				MTL_ENABLE_DEBUG_INFO = NO;
				SDKROOT = iphoneos;
				TARGETED_DEVICE_FAMILY = 2;
				VALIDATE_PRODUCT = YES;
			};
			name = Release;
		};
		9AD3510619F737120072C68B /* Debug */ = {
			isa = XCBuildConfiguration;
			buildSettings = {
				ASSETCATALOG_COMPILER_APPICON_NAME = AppIcon;
				INFOPLIST_FILE = MailCampaignTracker/Info.plist;
				LD_RUNPATH_SEARCH_PATHS = "$(inherited) @executable_path/Frameworks";
				PRODUCT_NAME = "$(TARGET_NAME)";
			};
			name = Debug;
		};
		9AD3510719F737120072C68B /* Release */ = {
			isa = XCBuildConfiguration;
			buildSettings = {
				ASSETCATALOG_COMPILER_APPICON_NAME = AppIcon;
				INFOPLIST_FILE = MailCampaignTracker/Info.plist;
				LD_RUNPATH_SEARCH_PATHS = "$(inherited) @executable_path/Frameworks";
				PRODUCT_NAME = "$(TARGET_NAME)";
			};
			name = Release;
		};
		9AD3510919F737120072C68B /* Debug */ = {
			isa = XCBuildConfiguration;
			buildSettings = {
				BUNDLE_LOADER = "$(TEST_HOST)";
				FRAMEWORK_SEARCH_PATHS = (
					"$(SDKROOT)/Developer/Library/Frameworks",
					"$(inherited)",
				);
				GCC_PREPROCESSOR_DEFINITIONS = (
					"DEBUG=1",
					"$(inherited)",
				);
				INFOPLIST_FILE = MailCampaignTrackerTests/Info.plist;
				LD_RUNPATH_SEARCH_PATHS = "$(inherited) @executable_path/Frameworks @loader_path/Frameworks";
				PRODUCT_NAME = "$(TARGET_NAME)";
				TEST_HOST = "$(BUILT_PRODUCTS_DIR)/MailCampaignTracker.app/MailCampaignTracker";
			};
			name = Debug;
		};
		9AD3510A19F737120072C68B /* Release */ = {
			isa = XCBuildConfiguration;
			buildSettings = {
				BUNDLE_LOADER = "$(TEST_HOST)";
				FRAMEWORK_SEARCH_PATHS = (
					"$(SDKROOT)/Developer/Library/Frameworks",
					"$(inherited)",
				);
				INFOPLIST_FILE = MailCampaignTrackerTests/Info.plist;
				LD_RUNPATH_SEARCH_PATHS = "$(inherited) @executable_path/Frameworks @loader_path/Frameworks";
				PRODUCT_NAME = "$(TARGET_NAME)";
				TEST_HOST = "$(BUILT_PRODUCTS_DIR)/MailCampaignTracker.app/MailCampaignTracker";
			};
			name = Release;
		};
/* End XCBuildConfiguration section */

/* Begin XCConfigurationList section */
		9AD350DF19F737120072C68B /* Build configuration list for PBXProject "MailCampaignTracker" */ = {
			isa = XCConfigurationList;
			buildConfigurations = (
				9AD3510319F737120072C68B /* Debug */,
				9AD3510419F737120072C68B /* Release */,
			);
			defaultConfigurationIsVisible = 0;
			defaultConfigurationName = Release;
		};
		9AD3510519F737120072C68B /* Build configuration list for PBXNativeTarget "MailCampaignTracker" */ = {
			isa = XCConfigurationList;
			buildConfigurations = (
				9AD3510619F737120072C68B /* Debug */,
				9AD3510719F737120072C68B /* Release */,
			);
			defaultConfigurationIsVisible = 0;
			defaultConfigurationName = Release;
		};
		9AD3510819F737120072C68B /* Build configuration list for PBXNativeTarget "MailCampaignTrackerTests" */ = {
			isa = XCConfigurationList;
			buildConfigurations = (
				9AD3510919F737120072C68B /* Debug */,
				9AD3510A19F737120072C68B /* Release */,
			);
			defaultConfigurationIsVisible = 0;
			defaultConfigurationName = Release;
		};
/* End XCConfigurationList section */
	};
	rootObject = 9AD350DC19F737120072C68B /* Project object */;
}
